
Microsoft Visual Studio Solution File, Format Version 12.00
# Visual Studio 15
VisualStudioVersion = 15.0.27428.2005
MinimumVisualStudioVersion = 10.0.40219.1
Project("{FAE04EC0-301F-11D3-BF4B-00C04F79EFBC}") = "Trek", "Trek\Trek.csproj", "{007C55FC-7E1F-4CF2-89F3-229346AF382D}"
EndProject
Global
	GlobalSection(SolutionConfigurationPlatforms) = preSolution
		Debug|Any CPU = Debug|Any CPU
		Release|Any CPU = Release|Any CPU
	EndGlobalSection
	GlobalSection(ProjectConfigurationPlatforms) = postSolution
		{007C55FC-7E1F-4CF2-89F3-229346AF382D}.Debug|Any CPU.ActiveCfg = Debug|Any CPU
		{007C55FC-7E1F-4CF2-89F3-229346AF382D}.Debug|Any CPU.Build.0 = Debug|Any CPU
		{007C55FC-7E1F-4CF2-89F3-229346AF382D}.Release|Any CPU.ActiveCfg = Release|Any CPU
		{007C55FC-7E1F-4CF2-89F3-229346AF382D}.Release|Any CPU.Build.0 = Release|Any CPU
	EndGlobalSection
	GlobalSection(SolutionProperties) = preSolution
		HideSolutionNode = FALSE
	EndGlobalSection
	GlobalSection(ExtensibilityGlobals) = postSolution
		SolutionGuid = {AF2A41CB-35C2-4BE1-9670-CA214E6EDA95}
	EndGlobalSection
EndGlobal
